
Microsoft Visual Studio Solution File, Format Version 12.00
Project("{FAE04EC0-301F-11D3-BF4B-00C04F79EFBC}") = "Models", "Models\Models.csproj", "{D29A690F-0885-4D6B-A77F-9F7FE630178F}"
EndProject
Global
	GlobalSection(SolutionConfigurationPlatforms) = preSolution
		Debug|Any CPU = Debug|Any CPU
		Release|Any CPU = Release|Any CPU
	EndGlobalSection
	GlobalSection(ProjectConfigurationPlatforms) = postSolution
		{D29A690F-0885-4D6B-A77F-9F7FE630178F}.Debug|Any CPU.ActiveCfg = Debug|Any CPU
		{D29A690F-0885-4D6B-A77F-9F7FE630178F}.Debug|Any CPU.Build.0 = Debug|Any CPU
		{D29A690F-0885-4D6B-A77F-9F7FE630178F}.Release|Any CPU.ActiveCfg = Release|Any CPU
		{D29A690F-0885-4D6B-A77F-9F7FE630178F}.Release|Any CPU.Build.0 = Release|Any CPU
	EndGlobalSection
EndGlobal
